// !$*UTF8*$!
{
	archiveVersion = 1;
	classes = {
	};
	objectVersion = 56;
	objects = {

/* Begin PBXBuildFile section */
		7D92676D2C3520B20080827B /* AppDelegate.swift in Sources */ = {isa = PBXBuildFile; fileRef = 7D92676C2C3520B20080827B /* AppDelegate.swift */; };
		7D92676F2C3520B20080827B /* SceneDelegate.swift in Sources */ = {isa = PBXBuildFile; fileRef = 7D92676E2C3520B20080827B /* SceneDelegate.swift */; };
		7D9267712C3520B20080827B /* ViewController.swift in Sources */ = {isa = PBXBuildFile; fileRef = 7D9267702C3520B20080827B /* ViewController.swift */; };
		7D9267742C3520B20080827B /* Base in Resources */ = {isa = PBXBuildFile; fileRef = 7D9267732C3520B20080827B /* Base */; };
		7D9267762C3520B50080827B /* Assets.xcassets in Resources */ = {isa = PBXBuildFile; fileRef = 7D9267752C3520B40080827B /* Assets.xcassets */; };
		7D9267792C3520B50080827B /* Base in Resources */ = {isa = PBXBuildFile; fileRef = 7D9267782C3520B50080827B /* Base */; };
		7D9267822C35218A0080827B /* RealmSwift in Frameworks */ = {isa = PBXBuildFile; productRef = 7D9267812C35218A0080827B /* RealmSwift */; };
		7D9267852C3521B00080827B /* SnapKit in Frameworks */ = {isa = PBXBuildFile; productRef = 7D9267842C3521B00080827B /* SnapKit */; };
		7DBE11AE2C36E62300695DCF /* Colors.xcassets in Resources */ = {isa = PBXBuildFile; fileRef = 7DBE11AD2C36E62300695DCF /* Colors.xcassets */; };
		7DBE11B02C36E9D000695DCF /* UITextView++.swift in Sources */ = {isa = PBXBuildFile; fileRef = 7DBE11AF2C36E9D000695DCF /* UITextView++.swift */; };
		7DBE11B32C36ECFA00695DCF /* Separator.swift in Sources */ = {isa = PBXBuildFile; fileRef = 7DBE11B22C36ECFA00695DCF /* Separator.swift */; };
		7DBE11B62C37AB5800695DCF /* TodoListTableViewCell.swift in Sources */ = {isa = PBXBuildFile; fileRef = 7DBE11B52C37AB5800695DCF /* TodoListTableViewCell.swift */; };
		7DDA858B2C3522D100264576 /* TodoListViewController.swift in Sources */ = {isa = PBXBuildFile; fileRef = 7DDA858A2C3522D100264576 /* TodoListViewController.swift */; };
		7DDA858D2C35232400264576 /* TodoListView.swift in Sources */ = {isa = PBXBuildFile; fileRef = 7DDA858C2C35232400264576 /* TodoListView.swift */; };
		7DDA85922C35265400264576 /* TodoMainViewController.swift in Sources */ = {isa = PBXBuildFile; fileRef = 7DDA85912C35265400264576 /* TodoMainViewController.swift */; };
		7DDA85942C35269200264576 /* TodoMainView.swift in Sources */ = {isa = PBXBuildFile; fileRef = 7DDA85932C35269200264576 /* TodoMainView.swift */; };
		7DDA85982C352A0000264576 /* BaseViewController.swift in Sources */ = {isa = PBXBuildFile; fileRef = 7DDA85972C352A0000264576 /* BaseViewController.swift */; };
		7DDA859A2C352AF700264576 /* BaseView.swift in Sources */ = {isa = PBXBuildFile; fileRef = 7DDA85992C352AF700264576 /* BaseView.swift */; };
		7DDA85A12C352B5100264576 /* UIView++.swift in Sources */ = {isa = PBXBuildFile; fileRef = 7DDA85A02C352B5100264576 /* UIView++.swift */; };
		7DDA85A32C35380C00264576 /* ViewController++.swift in Sources */ = {isa = PBXBuildFile; fileRef = 7DDA85A22C35380C00264576 /* ViewController++.swift */; };
		7DDA85A52C353C5100264576 /* RegisterTodoViewController.swift in Sources */ = {isa = PBXBuildFile; fileRef = 7DDA85A42C353C5100264576 /* RegisterTodoViewController.swift */; };
		7DDA85A72C353C7A00264576 /* RegisterTodoView.swift in Sources */ = {isa = PBXBuildFile; fileRef = 7DDA85A62C353C7A00264576 /* RegisterTodoView.swift */; };
		7DDA85A92C35495700264576 /* TextField++.swift in Sources */ = {isa = PBXBuildFile; fileRef = 7DDA85A82C35495700264576 /* TextField++.swift */; };
		7DDA85AC2C35531B00264576 /* EditItemsTableViewCell.swift in Sources */ = {isa = PBXBuildFile; fileRef = 7DDA85AB2C35531B00264576 /* EditItemsTableViewCell.swift */; };
		7DDA85AF2C35660100264576 /* NameSpace.swift in Sources */ = {isa = PBXBuildFile; fileRef = 7DDA85AE2C35660100264576 /* NameSpace.swift */; };
		7DDA85B22C35774F00264576 /* UtilFunc.swift in Sources */ = {isa = PBXBuildFile; fileRef = 7DDA85B12C35774F00264576 /* UtilFunc.swift */; };
		7DDA85B52C3578DE00264576 /* TodoTable.swift in Sources */ = {isa = PBXBuildFile; fileRef = 7DDA85B42C3578DE00264576 /* TodoTable.swift */; };
/* End PBXBuildFile section */

/* Begin PBXFileReference section */
		7D9267692C3520B20080827B /* ReminderProject.app */ = {isa = PBXFileReference; explicitFileType = wrapper.application; includeInIndex = 0; path = ReminderProject.app; sourceTree = BUILT_PRODUCTS_DIR; };
		7D92676C2C3520B20080827B /* AppDelegate.swift */ = {isa = PBXFileReference; lastKnownFileType = sourcecode.swift; path = AppDelegate.swift; sourceTree = "<group>"; };
		7D92676E2C3520B20080827B /* SceneDelegate.swift */ = {isa = PBXFileReference; lastKnownFileType = sourcecode.swift; path = SceneDelegate.swift; sourceTree = "<group>"; };
		7D9267702C3520B20080827B /* ViewController.swift */ = {isa = PBXFileReference; lastKnownFileType = sourcecode.swift; path = ViewController.swift; sourceTree = "<group>"; };
		7D9267732C3520B20080827B /* Base */ = {isa = PBXFileReference; lastKnownFileType = file.storyboard; name = Base; path = Base.lproj/Main.storyboard; sourceTree = "<group>"; };
		7D9267752C3520B40080827B /* Assets.xcassets */ = {isa = PBXFileReference; lastKnownFileType = folder.assetcatalog; path = Assets.xcassets; sourceTree = "<group>"; };
		7D9267782C3520B50080827B /* Base */ = {isa = PBXFileReference; lastKnownFileType = file.storyboard; name = Base; path = Base.lproj/LaunchScreen.storyboard; sourceTree = "<group>"; };
		7D92677A2C3520B50080827B /* Info.plist */ = {isa = PBXFileReference; lastKnownFileType = text.plist.xml; path = Info.plist; sourceTree = "<group>"; };
		7DBE11AD2C36E62300695DCF /* Colors.xcassets */ = {isa = PBXFileReference; lastKnownFileType = folder.assetcatalog; path = Colors.xcassets; sourceTree = "<group>"; };
		7DBE11AF2C36E9D000695DCF /* UITextView++.swift */ = {isa = PBXFileReference; lastKnownFileType = sourcecode.swift; path = "UITextView++.swift"; sourceTree = "<group>"; };
		7DBE11B22C36ECFA00695DCF /* Separator.swift */ = {isa = PBXFileReference; lastKnownFileType = sourcecode.swift; path = Separator.swift; sourceTree = "<group>"; };
		7DBE11B52C37AB5800695DCF /* TodoListTableViewCell.swift */ = {isa = PBXFileReference; lastKnownFileType = sourcecode.swift; path = TodoListTableViewCell.swift; sourceTree = "<group>"; };
		7DDA858A2C3522D100264576 /* TodoListViewController.swift */ = {isa = PBXFileReference; lastKnownFileType = sourcecode.swift; path = TodoListViewController.swift; sourceTree = "<group>"; };
		7DDA858C2C35232400264576 /* TodoListView.swift */ = {isa = PBXFileReference; lastKnownFileType = sourcecode.swift; path = TodoListView.swift; sourceTree = "<group>"; };
		7DDA85912C35265400264576 /* TodoMainViewController.swift */ = {isa = PBXFileReference; lastKnownFileType = sourcecode.swift; path = TodoMainViewController.swift; sourceTree = "<group>"; };
		7DDA85932C35269200264576 /* TodoMainView.swift */ = {isa = PBXFileReference; lastKnownFileType = sourcecode.swift; path = TodoMainView.swift; sourceTree = "<group>"; };
		7DDA85972C352A0000264576 /* BaseViewController.swift */ = {isa = PBXFileReference; lastKnownFileType = sourcecode.swift; path = BaseViewController.swift; sourceTree = "<group>"; };
		7DDA85992C352AF700264576 /* BaseView.swift */ = {isa = PBXFileReference; lastKnownFileType = sourcecode.swift; path = BaseView.swift; sourceTree = "<group>"; };
		7DDA85A02C352B5100264576 /* UIView++.swift */ = {isa = PBXFileReference; lastKnownFileType = sourcecode.swift; path = "UIView++.swift"; sourceTree = "<group>"; };
		7DDA85A22C35380C00264576 /* ViewController++.swift */ = {isa = PBXFileReference; lastKnownFileType = sourcecode.swift; path = "ViewController++.swift"; sourceTree = "<group>"; };
		7DDA85A42C353C5100264576 /* RegisterTodoViewController.swift */ = {isa = PBXFileReference; lastKnownFileType = sourcecode.swift; path = RegisterTodoViewController.swift; sourceTree = "<group>"; };
		7DDA85A62C353C7A00264576 /* RegisterTodoView.swift */ = {isa = PBXFileReference; lastKnownFileType = sourcecode.swift; path = RegisterTodoView.swift; sourceTree = "<group>"; };
		7DDA85A82C35495700264576 /* TextField++.swift */ = {isa = PBXFileReference; lastKnownFileType = sourcecode.swift; path = "TextField++.swift"; sourceTree = "<group>"; };
		7DDA85AB2C35531B00264576 /* EditItemsTableViewCell.swift */ = {isa = PBXFileReference; lastKnownFileType = sourcecode.swift; path = EditItemsTableViewCell.swift; sourceTree = "<group>"; };
		7DDA85AE2C35660100264576 /* NameSpace.swift */ = {isa = PBXFileReference; lastKnownFileType = sourcecode.swift; path = NameSpace.swift; sourceTree = "<group>"; };
		7DDA85B12C35774F00264576 /* UtilFunc.swift */ = {isa = PBXFileReference; lastKnownFileType = sourcecode.swift; path = UtilFunc.swift; sourceTree = "<group>"; };
		7DDA85B42C3578DE00264576 /* TodoTable.swift */ = {isa = PBXFileReference; lastKnownFileType = sourcecode.swift; path = TodoTable.swift; sourceTree = "<group>"; };
/* End PBXFileReference section */

/* Begin PBXFrameworksBuildPhase section */
		7D9267662C3520B20080827B /* Frameworks */ = {
			isa = PBXFrameworksBuildPhase;
			buildActionMask = 2147483647;
			files = (
				7D9267822C35218A0080827B /* RealmSwift in Frameworks */,
				7D9267852C3521B00080827B /* SnapKit in Frameworks */,
			);
			runOnlyForDeploymentPostprocessing = 0;
		};
/* End PBXFrameworksBuildPhase section */

/* Begin PBXGroup section */
		7D9267602C3520B20080827B = {
			isa = PBXGroup;
			children = (
				7D92676B2C3520B20080827B /* ReminderProject */,
				7D92676A2C3520B20080827B /* Products */,
			);
			sourceTree = "<group>";
		};
		7D92676A2C3520B20080827B /* Products */ = {
			isa = PBXGroup;
			children = (
				7D9267692C3520B20080827B /* ReminderProject.app */,
			);
			name = Products;
			sourceTree = "<group>";
		};
		7D92676B2C3520B20080827B /* ReminderProject */ = {
			isa = PBXGroup;
			children = (
				7DBE11AC2C36E60200695DCF /* Resources */,
				7DDA85B02C356A5100264576 /* Database */,
				7DDA85AD2C3565F600264576 /* Common */,
				7DDA859B2C352B2800264576 /* Extension */,
				7DDA85952C3529D800264576 /* Component */,
				7DDA85832C35226E00264576 /* Pages */,
				7D92676C2C3520B20080827B /* AppDelegate.swift */,
				7D92676E2C3520B20080827B /* SceneDelegate.swift */,
				7D9267702C3520B20080827B /* ViewController.swift */,
				7D9267722C3520B20080827B /* Main.storyboard */,
				7D9267772C3520B50080827B /* LaunchScreen.storyboard */,
				7D92677A2C3520B50080827B /* Info.plist */,
			);
			path = ReminderProject;
			sourceTree = "<group>";
		};
		7DBE11AC2C36E60200695DCF /* Resources */ = {
			isa = PBXGroup;
			children = (
				7D9267752C3520B40080827B /* Assets.xcassets */,
				7DBE11AD2C36E62300695DCF /* Colors.xcassets */,
			);
			path = Resources;
			sourceTree = "<group>";
		};
		7DBE11B12C36ECEA00695DCF /* View */ = {
			isa = PBXGroup;
			children = (
				7DBE11B22C36ECFA00695DCF /* Separator.swift */,
			);
			path = View;
			sourceTree = "<group>";
		};
		7DBE11B42C37AB4600695DCF /* TableViewCell */ = {
			isa = PBXGroup;
			children = (
				7DBE11B52C37AB5800695DCF /* TodoListTableViewCell.swift */,
			);
			path = TableViewCell;
			sourceTree = "<group>";
		};
		7DDA85832C35226E00264576 /* Pages */ = {
			isa = PBXGroup;
			children = (
				7DDA858E2C35262300264576 /* TodoMain */,
				7DDA85852C35228900264576 /* Register */,
				7DDA85842C35227C00264576 /* TodoList */,
			);
			path = Pages;
			sourceTree = "<group>";
		};
		7DDA85842C35227C00264576 /* TodoList */ = {
			isa = PBXGroup;
			children = (
				7DBE11B42C37AB4600695DCF /* TableViewCell */,
				7DDA85872C3522A100264576 /* View */,
				7DDA85862C35229900264576 /* VireController */,
			);
			path = TodoList;
			sourceTree = "<group>";
		};
		7DDA85852C35228900264576 /* Register */ = {
			isa = PBXGroup;
			children = (
				7DDA85AA2C3552E300264576 /* TableViewCell */,
				7DDA85892C3522B400264576 /* View */,
				7DDA85882C3522A700264576 /* ViewController */,
			);
			path = Register;
			sourceTree = "<group>";
		};
		7DDA85862C35229900264576 /* VireController */ = {
			isa = PBXGroup;
			children = (
				7DDA858A2C3522D100264576 /* TodoListViewController.swift */,
			);
			path = VireController;
			sourceTree = "<group>";
		};
		7DDA85872C3522A100264576 /* View */ = {
			isa = PBXGroup;
			children = (
				7DDA858C2C35232400264576 /* TodoListView.swift */,
			);
			path = View;
			sourceTree = "<group>";
		};
		7DDA85882C3522A700264576 /* ViewController */ = {
			isa = PBXGroup;
			children = (
				7DDA85A42C353C5100264576 /* RegisterTodoViewController.swift */,
			);
			path = ViewController;
			sourceTree = "<group>";
		};
		7DDA85892C3522B400264576 /* View */ = {
			isa = PBXGroup;
			children = (
				7DDA85A62C353C7A00264576 /* RegisterTodoView.swift */,
			);
			path = View;
			sourceTree = "<group>";
		};
		7DDA858E2C35262300264576 /* TodoMain */ = {
			isa = PBXGroup;
			children = (
				7DDA85902C35263C00264576 /* View */,
				7DDA858F2C35263000264576 /* ViewController */,
			);
			path = TodoMain;
			sourceTree = "<group>";
		};
		7DDA858F2C35263000264576 /* ViewController */ = {
			isa = PBXGroup;
			children = (
				7DDA85912C35265400264576 /* TodoMainViewController.swift */,
			);
			path = ViewController;
			sourceTree = "<group>";
		};
		7DDA85902C35263C00264576 /* View */ = {
			isa = PBXGroup;
			children = (
				7DDA85932C35269200264576 /* TodoMainView.swift */,
			);
			path = View;
			sourceTree = "<group>";
		};
		7DDA85952C3529D800264576 /* Component */ = {
			isa = PBXGroup;
			children = (
				7DBE11B12C36ECEA00695DCF /* View */,
				7DDA85962C3529E600264576 /* Base */,
			);
			path = Component;
			sourceTree = "<group>";
		};
		7DDA85962C3529E600264576 /* Base */ = {
			isa = PBXGroup;
			children = (
				7DDA85972C352A0000264576 /* BaseViewController.swift */,
				7DDA85992C352AF700264576 /* BaseView.swift */,
			);
			path = Base;
			sourceTree = "<group>";
		};
		7DDA859B2C352B2800264576 /* Extension */ = {
			isa = PBXGroup;
			children = (
				7DDA85A02C352B5100264576 /* UIView++.swift */,
				7DDA85A22C35380C00264576 /* ViewController++.swift */,
				7DDA85A82C35495700264576 /* TextField++.swift */,
				7DBE11AF2C36E9D000695DCF /* UITextView++.swift */,
			);
			path = Extension;
			sourceTree = "<group>";
		};
		7DDA85AA2C3552E300264576 /* TableViewCell */ = {
			isa = PBXGroup;
			children = (
				7DDA85AB2C35531B00264576 /* EditItemsTableViewCell.swift */,
			);
			path = TableViewCell;
			sourceTree = "<group>";
		};
		7DDA85AD2C3565F600264576 /* Common */ = {
			isa = PBXGroup;
			children = (
				7DDA85AE2C35660100264576 /* NameSpace.swift */,
				7DDA85B12C35774F00264576 /* UtilFunc.swift */,
			);
			path = Common;
			sourceTree = "<group>";
		};
		7DDA85B02C356A5100264576 /* Database */ = {
			isa = PBXGroup;
			children = (
				7DDA85B32C3578AE00264576 /* Model */,
			);
			path = Database;
			sourceTree = "<group>";
		};
		7DDA85B32C3578AE00264576 /* Model */ = {
			isa = PBXGroup;
			children = (
				7DDA85B42C3578DE00264576 /* TodoTable.swift */,
			);
			path = Model;
			sourceTree = "<group>";
		};
/* End PBXGroup section */

/* Begin PBXNativeTarget section */
		7D9267682C3520B20080827B /* ReminderProject */ = {
			isa = PBXNativeTarget;
			buildConfigurationList = 7D92677D2C3520B50080827B /* Build configuration list for PBXNativeTarget "ReminderProject" */;
			buildPhases = (
				7D9267652C3520B20080827B /* Sources */,
				7D9267662C3520B20080827B /* Frameworks */,
				7D9267672C3520B20080827B /* Resources */,
			);
			buildRules = (
			);
			dependencies = (
			);
			name = ReminderProject;
			packageProductDependencies = (
				7D9267812C35218A0080827B /* RealmSwift */,
				7D9267842C3521B00080827B /* SnapKit */,
			);
			productName = ReminderProject;
			productReference = 7D9267692C3520B20080827B /* ReminderProject.app */;
			productType = "com.apple.product-type.application";
		};
/* End PBXNativeTarget section */

/* Begin PBXProject section */
		7D9267612C3520B20080827B /* Project object */ = {
			isa = PBXProject;
			attributes = {
				BuildIndependentTargetsInParallel = 1;
				LastSwiftUpdateCheck = 1530;
				LastUpgradeCheck = 1530;
				TargetAttributes = {
					7D9267682C3520B20080827B = {
						CreatedOnToolsVersion = 15.3;
					};
				};
			};
			buildConfigurationList = 7D9267642C3520B20080827B /* Build configuration list for PBXProject "ReminderProject" */;
			compatibilityVersion = "Xcode 14.0";
			developmentRegion = en;
			hasScannedForEncodings = 0;
			knownRegions = (
				en,
				Base,
			);
			mainGroup = 7D9267602C3520B20080827B;
			packageReferences = (
				7D9267802C35218A0080827B /* XCRemoteSwiftPackageReference "realm-swift" */,
				7D9267832C3521B00080827B /* XCRemoteSwiftPackageReference "SnapKit" */,
			);
			productRefGroup = 7D92676A2C3520B20080827B /* Products */;
			projectDirPath = "";
			projectRoot = "";
			targets = (
				7D9267682C3520B20080827B /* ReminderProject */,
			);
		};
/* End PBXProject section */

/* Begin PBXResourcesBuildPhase section */
		7D9267672C3520B20080827B /* Resources */ = {
			isa = PBXResourcesBuildPhase;
			buildActionMask = 2147483647;
			files = (
				7D9267762C3520B50080827B /* Assets.xcassets in Resources */,
				7DBE11AE2C36E62300695DCF /* Colors.xcassets in Resources */,
				7D9267792C3520B50080827B /* Base in Resources */,
				7D9267742C3520B20080827B /* Base in Resources */,
			);
			runOnlyForDeploymentPostprocessing = 0;
		};
/* End PBXResourcesBuildPhase section */

/* Begin PBXSourcesBuildPhase section */
		7D9267652C3520B20080827B /* Sources */ = {
			isa = PBXSourcesBuildPhase;
			buildActionMask = 2147483647;
			files = (
				7DDA85B52C3578DE00264576 /* TodoTable.swift in Sources */,
				7DBE11B02C36E9D000695DCF /* UITextView++.swift in Sources */,
				7DBE11B62C37AB5800695DCF /* TodoListTableViewCell.swift in Sources */,
				7DDA858B2C3522D100264576 /* TodoListViewController.swift in Sources */,
				7DDA85942C35269200264576 /* TodoMainView.swift in Sources */,
				7DDA85A32C35380C00264576 /* ViewController++.swift in Sources */,
				7D9267712C3520B20080827B /* ViewController.swift in Sources */,
				7DDA858D2C35232400264576 /* TodoListView.swift in Sources */,
				7DBE11B32C36ECFA00695DCF /* Separator.swift in Sources */,
				7DDA85922C35265400264576 /* TodoMainViewController.swift in Sources */,
				7DDA85A52C353C5100264576 /* RegisterTodoViewController.swift in Sources */,
				7DDA85AF2C35660100264576 /* NameSpace.swift in Sources */,
				7DDA85982C352A0000264576 /* BaseViewController.swift in Sources */,
				7DDA859A2C352AF700264576 /* BaseView.swift in Sources */,
				7DDA85A92C35495700264576 /* TextField++.swift in Sources */,
				7DDA85B22C35774F00264576 /* UtilFunc.swift in Sources */,
				7DDA85A72C353C7A00264576 /* RegisterTodoView.swift in Sources */,
				7D92676D2C3520B20080827B /* AppDelegate.swift in Sources */,
				7DDA85A12C352B5100264576 /* UIView++.swift in Sources */,
				7D92676F2C3520B20080827B /* SceneDelegate.swift in Sources */,
				7DDA85AC2C35531B00264576 /* EditItemsTableViewCell.swift in Sources */,
			);
			runOnlyForDeploymentPostprocessing = 0;
		};
/* End PBXSourcesBuildPhase section */

/* Begin PBXVariantGroup section */
		7D9267722C3520B20080827B /* Main.storyboard */ = {
			isa = PBXVariantGroup;
			children = (
				7D9267732C3520B20080827B /* Base */,
			);
			name = Main.storyboard;
			sourceTree = "<group>";
		};
		7D9267772C3520B50080827B /* LaunchScreen.storyboard */ = {
			isa = PBXVariantGroup;
			children = (
				7D9267782C3520B50080827B /* Base */,
			);
			name = LaunchScreen.storyboard;
			sourceTree = "<group>";
		};
/* End PBXVariantGroup section */

/* Begin XCBuildConfiguration section */
		7D92677B2C3520B50080827B /* Debug */ = {
			isa = XCBuildConfiguration;
			buildSettings = {
				ALWAYS_SEARCH_USER_PATHS = NO;
				ASSETCATALOG_COMPILER_GENERATE_SWIFT_ASSET_SYMBOL_EXTENSIONS = YES;
				CLANG_ANALYZER_NONNULL = YES;
				CLANG_ANALYZER_NUMBER_OBJECT_CONVERSION = YES_AGGRESSIVE;
				CLANG_CXX_LANGUAGE_STANDARD = "gnu++20";
				CLANG_ENABLE_MODULES = YES;
				CLANG_ENABLE_OBJC_ARC = YES;
				CLANG_ENABLE_OBJC_WEAK = YES;
				CLANG_WARN_BLOCK_CAPTURE_AUTORELEASING = YES;
				CLANG_WARN_BOOL_CONVERSION = YES;
				CLANG_WARN_COMMA = YES;
				CLANG_WARN_CONSTANT_CONVERSION = YES;
				CLANG_WARN_DEPRECATED_OBJC_IMPLEMENTATIONS = YES;
				CLANG_WARN_DIRECT_OBJC_ISA_USAGE = YES_ERROR;
				CLANG_WARN_DOCUMENTATION_COMMENTS = YES;
				CLANG_WARN_EMPTY_BODY = YES;
				CLANG_WARN_ENUM_CONVERSION = YES;
				CLANG_WARN_INFINITE_RECURSION = YES;
				CLANG_WARN_INT_CONVERSION = YES;
				CLANG_WARN_NON_LITERAL_NULL_CONVERSION = YES;
				CLANG_WARN_OBJC_IMPLICIT_RETAIN_SELF = YES;
				CLANG_WARN_OBJC_LITERAL_CONVERSION = YES;
				CLANG_WARN_OBJC_ROOT_CLASS = YES_ERROR;
				CLANG_WARN_QUOTED_INCLUDE_IN_FRAMEWORK_HEADER = YES;
				CLANG_WARN_RANGE_LOOP_ANALYSIS = YES;
				CLANG_WARN_STRICT_PROTOTYPES = YES;
				CLANG_WARN_SUSPICIOUS_MOVE = YES;
				CLANG_WARN_UNGUARDED_AVAILABILITY = YES_AGGRESSIVE;
				CLANG_WARN_UNREACHABLE_CODE = YES;
				CLANG_WARN__DUPLICATE_METHOD_MATCH = YES;
				COPY_PHASE_STRIP = NO;
				DEBUG_INFORMATION_FORMAT = dwarf;
				ENABLE_STRICT_OBJC_MSGSEND = YES;
				ENABLE_TESTABILITY = YES;
				ENABLE_USER_SCRIPT_SANDBOXING = YES;
				GCC_C_LANGUAGE_STANDARD = gnu17;
				GCC_DYNAMIC_NO_PIC = NO;
				GCC_NO_COMMON_BLOCKS = YES;
				GCC_OPTIMIZATION_LEVEL = 0;
				GCC_PREPROCESSOR_DEFINITIONS = (
					"DEBUG=1",
					"$(inherited)",
				);
				GCC_WARN_64_TO_32_BIT_CONVERSION = YES;
				GCC_WARN_ABOUT_RETURN_TYPE = YES_ERROR;
				GCC_WARN_UNDECLARED_SELECTOR = YES;
				GCC_WARN_UNINITIALIZED_AUTOS = YES_AGGRESSIVE;
				GCC_WARN_UNUSED_FUNCTION = YES;
				GCC_WARN_UNUSED_VARIABLE = YES;
				IPHONEOS_DEPLOYMENT_TARGET = 17.4;
				LOCALIZATION_PREFERS_STRING_CATALOGS = YES;
				MTL_ENABLE_DEBUG_INFO = INCLUDE_SOURCE;
				MTL_FAST_MATH = YES;
				ONLY_ACTIVE_ARCH = YES;
				SDKROOT = iphoneos;
				SWIFT_ACTIVE_COMPILATION_CONDITIONS = "DEBUG $(inherited)";
				SWIFT_OPTIMIZATION_LEVEL = "-Onone";
			};
			name = Debug;
		};
		7D92677C2C3520B50080827B /* Release */ = {
			isa = XCBuildConfiguration;
			buildSettings = {
				ALWAYS_SEARCH_USER_PATHS = NO;
				ASSETCATALOG_COMPILER_GENERATE_SWIFT_ASSET_SYMBOL_EXTENSIONS = YES;
				CLANG_ANALYZER_NONNULL = YES;
				CLANG_ANALYZER_NUMBER_OBJECT_CONVERSION = YES_AGGRESSIVE;
				CLANG_CXX_LANGUAGE_STANDARD = "gnu++20";
				CLANG_ENABLE_MODULES = YES;
				CLANG_ENABLE_OBJC_ARC = YES;
				CLANG_ENABLE_OBJC_WEAK = YES;
				CLANG_WARN_BLOCK_CAPTURE_AUTORELEASING = YES;
				CLANG_WARN_BOOL_CONVERSION = YES;
				CLANG_WARN_COMMA = YES;
				CLANG_WARN_CONSTANT_CONVERSION = YES;
				CLANG_WARN_DEPRECATED_OBJC_IMPLEMENTATIONS = YES;
				CLANG_WARN_DIRECT_OBJC_ISA_USAGE = YES_ERROR;
				CLANG_WARN_DOCUMENTATION_COMMENTS = YES;
				CLANG_WARN_EMPTY_BODY = YES;
				CLANG_WARN_ENUM_CONVERSION = YES;
				CLANG_WARN_INFINITE_RECURSION = YES;
				CLANG_WARN_INT_CONVERSION = YES;
				CLANG_WARN_NON_LITERAL_NULL_CONVERSION = YES;
				CLANG_WARN_OBJC_IMPLICIT_RETAIN_SELF = YES;
				CLANG_WARN_OBJC_LITERAL_CONVERSION = YES;
				CLANG_WARN_OBJC_ROOT_CLASS = YES_ERROR;
				CLANG_WARN_QUOTED_INCLUDE_IN_FRAMEWORK_HEADER = YES;
				CLANG_WARN_RANGE_LOOP_ANALYSIS = YES;
				CLANG_WARN_STRICT_PROTOTYPES = YES;
				CLANG_WARN_SUSPICIOUS_MOVE = YES;
				CLANG_WARN_UNGUARDED_AVAILABILITY = YES_AGGRESSIVE;
				CLANG_WARN_UNREACHABLE_CODE = YES;
				CLANG_WARN__DUPLICATE_METHOD_MATCH = YES;
				COPY_PHASE_STRIP = NO;
				DEBUG_INFORMATION_FORMAT = "dwarf-with-dsym";
				ENABLE_NS_ASSERTIONS = NO;
				ENABLE_STRICT_OBJC_MSGSEND = YES;
				ENABLE_USER_SCRIPT_SANDBOXING = YES;
				GCC_C_LANGUAGE_STANDARD = gnu17;
				GCC_NO_COMMON_BLOCKS = YES;
				GCC_WARN_64_TO_32_BIT_CONVERSION = YES;
				GCC_WARN_ABOUT_RETURN_TYPE = YES_ERROR;
				GCC_WARN_UNDECLARED_SELECTOR = YES;
				GCC_WARN_UNINITIALIZED_AUTOS = YES_AGGRESSIVE;
				GCC_WARN_UNUSED_FUNCTION = YES;
				GCC_WARN_UNUSED_VARIABLE = YES;
				IPHONEOS_DEPLOYMENT_TARGET = 17.4;
				LOCALIZATION_PREFERS_STRING_CATALOGS = YES;
				MTL_ENABLE_DEBUG_INFO = NO;
				MTL_FAST_MATH = YES;
				SDKROOT = iphoneos;
				SWIFT_COMPILATION_MODE = wholemodule;
				VALIDATE_PRODUCT = YES;
			};
			name = Release;
		};
		7D92677E2C3520B50080827B /* Debug */ = {
			isa = XCBuildConfiguration;
			buildSettings = {
				ASSETCATALOG_COMPILER_APPICON_NAME = AppIcon;
				ASSETCATALOG_COMPILER_GLOBAL_ACCENT_COLOR_NAME = AccentColor;
				CODE_SIGN_STYLE = Automatic;
				CURRENT_PROJECT_VERSION = 1;
				DEVELOPMENT_TEAM = 5B4DDA3JD6;
				GENERATE_INFOPLIST_FILE = YES;
				INFOPLIST_FILE = ReminderProject/Info.plist;
				INFOPLIST_KEY_UIApplicationSupportsIndirectInputEvents = YES;
				INFOPLIST_KEY_UILaunchStoryboardName = LaunchScreen;
				INFOPLIST_KEY_UIMainStoryboardFile = Main;
				INFOPLIST_KEY_UISupportedInterfaceOrientations_iPad = "UIInterfaceOrientationPortrait UIInterfaceOrientationPortraitUpsideDown UIInterfaceOrientationLandscapeLeft UIInterfaceOrientationLandscapeRight";
				INFOPLIST_KEY_UISupportedInterfaceOrientations_iPhone = "UIInterfaceOrientationPortrait UIInterfaceOrientationLandscapeLeft UIInterfaceOrientationLandscapeRight";
				LD_RUNPATH_SEARCH_PATHS = (
					"$(inherited)",
					"@executable_path/Frameworks",
				);
				MARKETING_VERSION = 1.0;
				PRODUCT_BUNDLE_IDENTIFIER = com.yeonju.ReminderProject;
				PRODUCT_NAME = "$(TARGET_NAME)";
				SWIFT_EMIT_LOC_STRINGS = YES;
				SWIFT_VERSION = 5.0;
				TARGETED_DEVICE_FAMILY = "1,2";
			};
			name = Debug;
		};
		7D92677F2C3520B50080827B /* Release */ = {
			isa = XCBuildConfiguration;
			buildSettings = {
				ASSETCATALOG_COMPILER_APPICON_NAME = AppIcon;
				ASSETCATALOG_COMPILER_GLOBAL_ACCENT_COLOR_NAME = AccentColor;
				CODE_SIGN_STYLE = Automatic;
				CURRENT_PROJECT_VERSION = 1;
				DEVELOPMENT_TEAM = 5B4DDA3JD6;
				GENERATE_INFOPLIST_FILE = YES;
				INFOPLIST_FILE = ReminderProject/Info.plist;
				INFOPLIST_KEY_UIApplicationSupportsIndirectInputEvents = YES;
				INFOPLIST_KEY_UILaunchStoryboardName = LaunchScreen;
				INFOPLIST_KEY_UIMainStoryboardFile = Main;
				INFOPLIST_KEY_UISupportedInterfaceOrientations_iPad = "UIInterfaceOrientationPortrait UIInterfaceOrientationPortraitUpsideDown UIInterfaceOrientationLandscapeLeft UIInterfaceOrientationLandscapeRight";
				INFOPLIST_KEY_UISupportedInterfaceOrientations_iPhone = "UIInterfaceOrientationPortrait UIInterfaceOrientationLandscapeLeft UIInterfaceOrientationLandscapeRight";
				LD_RUNPATH_SEARCH_PATHS = (
					"$(inherited)",
					"@executable_path/Frameworks",
				);
				MARKETING_VERSION = 1.0;
				PRODUCT_BUNDLE_IDENTIFIER = com.yeonju.ReminderProject;
				PRODUCT_NAME = "$(TARGET_NAME)";
				SWIFT_EMIT_LOC_STRINGS = YES;
				SWIFT_VERSION = 5.0;
				TARGETED_DEVICE_FAMILY = "1,2";
			};
			name = Release;
		};
/* End XCBuildConfiguration section */

/* Begin XCConfigurationList section */
		7D9267642C3520B20080827B /* Build configuration list for PBXProject "ReminderProject" */ = {
			isa = XCConfigurationList;
			buildConfigurations = (
				7D92677B2C3520B50080827B /* Debug */,
				7D92677C2C3520B50080827B /* Release */,
			);
			defaultConfigurationIsVisible = 0;
			defaultConfigurationName = Release;
		};
		7D92677D2C3520B50080827B /* Build configuration list for PBXNativeTarget "ReminderProject" */ = {
			isa = XCConfigurationList;
			buildConfigurations = (
				7D92677E2C3520B50080827B /* Debug */,
				7D92677F2C3520B50080827B /* Release */,
			);
			defaultConfigurationIsVisible = 0;
			defaultConfigurationName = Release;
		};
/* End XCConfigurationList section */

/* Begin XCRemoteSwiftPackageReference section */
		7D9267802C35218A0080827B /* XCRemoteSwiftPackageReference "realm-swift" */ = {
			isa = XCRemoteSwiftPackageReference;
			repositoryURL = "https://github.com/realm/realm-swift.git";
			requirement = {
				branch = master;
				kind = branch;
			};
		};
		7D9267832C3521B00080827B /* XCRemoteSwiftPackageReference "SnapKit" */ = {
			isa = XCRemoteSwiftPackageReference;
			repositoryURL = "https://github.com/SnapKit/SnapKit.git";
			requirement = {
				kind = upToNextMajorVersion;
				minimumVersion = 5.7.1;
			};
		};
/* End XCRemoteSwiftPackageReference section */

/* Begin XCSwiftPackageProductDependency section */
		7D9267812C35218A0080827B /* RealmSwift */ = {
			isa = XCSwiftPackageProductDependency;
			package = 7D9267802C35218A0080827B /* XCRemoteSwiftPackageReference "realm-swift" */;
			productName = RealmSwift;
		};
		7D9267842C3521B00080827B /* SnapKit */ = {
			isa = XCSwiftPackageProductDependency;
			package = 7D9267832C3521B00080827B /* XCRemoteSwiftPackageReference "SnapKit" */;
			productName = SnapKit;
		};
/* End XCSwiftPackageProductDependency section */
	};
	rootObject = 7D9267612C3520B20080827B /* Project object */;
}
